
Microsoft Visual Studio Solution File, Format Version 12.00
# Visual Studio Version 16
VisualStudioVersion = 16.0.30907.101
MinimumVisualStudioVersion = 10.0.40219.1
Project("{FAE04EC0-301F-11D3-BF4B-00C04F79EFBC}") = "MiPrimeraConexionConSqlServer", "MiPrimeraConexionConSqlServer\MiPrimeraConexionConSqlServer.csproj", "{F145E330-4143-421D-AA67-C2039D7F879F}"
EndProject
Global
	GlobalSection(SolutionConfigurationPlatforms) = preSolution
		Debug|Any CPU = Debug|Any CPU
		Release|Any CPU = Release|Any CPU
	EndGlobalSection
	GlobalSection(ProjectConfigurationPlatforms) = postSolution
		{F145E330-4143-421D-AA67-C2039D7F879F}.Debug|Any CPU.ActiveCfg = Debug|Any CPU
		{F145E330-4143-421D-AA67-C2039D7F879F}.Debug|Any CPU.Build.0 = Debug|Any CPU
		{F145E330-4143-421D-AA67-C2039D7F879F}.Release|Any CPU.ActiveCfg = Release|Any CPU
		{F145E330-4143-421D-AA67-C2039D7F879F}.Release|Any CPU.Build.0 = Release|Any CPU
	EndGlobalSection
	GlobalSection(SolutionProperties) = preSolution
		HideSolutionNode = FALSE
	EndGlobalSection
	GlobalSection(ExtensibilityGlobals) = postSolution
		SolutionGuid = {B4A62226-0BFB-489D-8F10-8D219B082DC4}
	EndGlobalSection
EndGlobal
